// !$*UTF8*$!
{
	archiveVersion = 1;
	classes = {
	};
	objectVersion = 46;
	objects = {

/* Begin PBXBuildFile section */
		26310FD61C0432390042DA92 /* main.m in Sources */ = {isa = PBXBuildFile; fileRef = 26310FD51C0432390042DA92 /* main.m */; };
		26310FD91C0432390042DA92 /* AppDelegate.m in Sources */ = {isa = PBXBuildFile; fileRef = 26310FD81C0432390042DA92 /* AppDelegate.m */; };
		26310FDC1C0432390042DA92 /* ViewController.m in Sources */ = {isa = PBXBuildFile; fileRef = 26310FDB1C0432390042DA92 /* ViewController.m */; };
		26310FDF1C0432390042DA92 /* Main.storyboard in Resources */ = {isa = PBXBuildFile; fileRef = 26310FDD1C0432390042DA92 /* Main.storyboard */; };
		26310FE11C0432390042DA92 /* Assets.xcassets in Resources */ = {isa = PBXBuildFile; fileRef = 26310FE01C0432390042DA92 /* Assets.xcassets */; };
		26310FE41C0432390042DA92 /* LaunchScreen.storyboard in Resources */ = {isa = PBXBuildFile; fileRef = 26310FE21C0432390042DA92 /* LaunchScreen.storyboard */; };
		26310FEF1C0432390042DA92 /* push_Notification_DemoTests.m in Sources */ = {isa = PBXBuildFile; fileRef = 26310FEE1C0432390042DA92 /* push_Notification_DemoTests.m */; };
		26310FFA1C0432390042DA92 /* push_Notification_DemoUITests.m in Sources */ = {isa = PBXBuildFile; fileRef = 26310FF91C0432390042DA92 /* push_Notification_DemoUITests.m */; };
		269A98531C04382C0014CAF2 /* addDoToViewViewController.m in Sources */ = {isa = PBXBuildFile; fileRef = 269A98521C04382C0014CAF2 /* addDoToViewViewController.m */; settings = {ASSET_TAGS = (); }; };
/* End PBXBuildFile section */

/* Begin PBXContainerItemProxy section */
		26310FEB1C0432390042DA92 /* PBXContainerItemProxy */ = {
			isa = PBXContainerItemProxy;
			containerPortal = 26310FC91C0432390042DA92 /* Project object */;
			proxyType = 1;
			remoteGlobalIDString = 26310FD01C0432390042DA92;
			remoteInfo = "push Notification Demo";
		};
		26310FF61C0432390042DA92 /* PBXContainerItemProxy */ = {
			isa = PBXContainerItemProxy;
			containerPortal = 26310FC91C0432390042DA92 /* Project object */;
			proxyType = 1;
			remoteGlobalIDString = 26310FD01C0432390042DA92;
			remoteInfo = "push Notification Demo";
		};
/* End PBXContainerItemProxy section */

/* Begin PBXFileReference section */
		26310FD11C0432390042DA92 /* push Notification Demo.app */ = {isa = PBXFileReference; explicitFileType = wrapper.application; includeInIndex = 0; path = "push Notification Demo.app"; sourceTree = BUILT_PRODUCTS_DIR; };
		26310FD51C0432390042DA92 /* main.m */ = {isa = PBXFileReference; lastKnownFileType = sourcecode.c.objc; path = main.m; sourceTree = "<group>"; };
		26310FD71C0432390042DA92 /* AppDelegate.h */ = {isa = PBXFileReference; lastKnownFileType = sourcecode.c.h; path = AppDelegate.h; sourceTree = "<group>"; };
		26310FD81C0432390042DA92 /* AppDelegate.m */ = {isa = PBXFileReference; lastKnownFileType = sourcecode.c.objc; path = AppDelegate.m; sourceTree = "<group>"; };
		26310FDA1C0432390042DA92 /* ViewController.h */ = {isa = PBXFileReference; lastKnownFileType = sourcecode.c.h; path = ViewController.h; sourceTree = "<group>"; };
		26310FDB1C0432390042DA92 /* ViewController.m */ = {isa = PBXFileReference; lastKnownFileType = sourcecode.c.objc; path = ViewController.m; sourceTree = "<group>"; };
		26310FDE1C0432390042DA92 /* Base */ = {isa = PBXFileReference; lastKnownFileType = file.storyboard; name = Base; path = Base.lproj/Main.storyboard; sourceTree = "<group>"; };
		26310FE01C0432390042DA92 /* Assets.xcassets */ = {isa = PBXFileReference; lastKnownFileType = folder.assetcatalog; path = Assets.xcassets; sourceTree = "<group>"; };
		26310FE31C0432390042DA92 /* Base */ = {isa = PBXFileReference; lastKnownFileType = file.storyboard; name = Base; path = Base.lproj/LaunchScreen.storyboard; sourceTree = "<group>"; };
		26310FE51C0432390042DA92 /* Info.plist */ = {isa = PBXFileReference; lastKnownFileType = text.plist.xml; path = Info.plist; sourceTree = "<group>"; };
		26310FEA1C0432390042DA92 /* push Notification DemoTests.xctest */ = {isa = PBXFileReference; explicitFileType = wrapper.cfbundle; includeInIndex = 0; path = "push Notification DemoTests.xctest"; sourceTree = BUILT_PRODUCTS_DIR; };
		26310FEE1C0432390042DA92 /* push_Notification_DemoTests.m */ = {isa = PBXFileReference; lastKnownFileType = sourcecode.c.objc; path = push_Notification_DemoTests.m; sourceTree = "<group>"; };
		26310FF01C0432390042DA92 /* Info.plist */ = {isa = PBXFileReference; lastKnownFileType = text.plist.xml; path = Info.plist; sourceTree = "<group>"; };
		26310FF51C0432390042DA92 /* push Notification DemoUITests.xctest */ = {isa = PBXFileReference; explicitFileType = wrapper.cfbundle; includeInIndex = 0; path = "push Notification DemoUITests.xctest"; sourceTree = BUILT_PRODUCTS_DIR; };
		26310FF91C0432390042DA92 /* push_Notification_DemoUITests.m */ = {isa = PBXFileReference; lastKnownFileType = sourcecode.c.objc; path = push_Notification_DemoUITests.m; sourceTree = "<group>"; };
		26310FFB1C0432390042DA92 /* Info.plist */ = {isa = PBXFileReference; lastKnownFileType = text.plist.xml; path = Info.plist; sourceTree = "<group>"; };
		269A98511C04382C0014CAF2 /* addDoToViewViewController.h */ = {isa = PBXFileReference; fileEncoding = 4; lastKnownFileType = sourcecode.c.h; path = addDoToViewViewController.h; sourceTree = "<group>"; };
		269A98521C04382C0014CAF2 /* addDoToViewViewController.m */ = {isa = PBXFileReference; fileEncoding = 4; lastKnownFileType = sourcecode.c.objc; path = addDoToViewViewController.m; sourceTree = "<group>"; };
/* End PBXFileReference section */

/* Begin PBXFrameworksBuildPhase section */
		26310FCE1C0432390042DA92 /* Frameworks */ = {
			isa = PBXFrameworksBuildPhase;
			buildActionMask = 2147483647;
			files = (
			);
			runOnlyForDeploymentPostprocessing = 0;
		};
		26310FE71C0432390042DA92 /* Frameworks */ = {
			isa = PBXFrameworksBuildPhase;
			buildActionMask = 2147483647;
			files = (
			);
			runOnlyForDeploymentPostprocessing = 0;
		};
		26310FF21C0432390042DA92 /* Frameworks */ = {
			isa = PBXFrameworksBuildPhase;
			buildActionMask = 2147483647;
			files = (
			);
			runOnlyForDeploymentPostprocessing = 0;
		};
/* End PBXFrameworksBuildPhase section */

/* Begin PBXGroup section */
		26310FC81C0432390042DA92 = {
			isa = PBXGroup;
			children = (
				26310FD31C0432390042DA92 /* push Notification Demo */,
				26310FED1C0432390042DA92 /* push Notification DemoTests */,
				26310FF81C0432390042DA92 /* push Notification DemoUITests */,
				26310FD21C0432390042DA92 /* Products */,
			);
			sourceTree = "<group>";
		};
		26310FD21C0432390042DA92 /* Products */ = {
			isa = PBXGroup;
			children = (
				26310FD11C0432390042DA92 /* push Notification Demo.app */,
				26310FEA1C0432390042DA92 /* push Notification DemoTests.xctest */,
				26310FF51C0432390042DA92 /* push Notification DemoUITests.xctest */,
			);
			name = Products;
			sourceTree = "<group>";
		};
		26310FD31C0432390042DA92 /* push Notification Demo */ = {
			isa = PBXGroup;
			children = (
				26310FD71C0432390042DA92 /* AppDelegate.h */,
				26310FD81C0432390042DA92 /* AppDelegate.m */,
				26310FDA1C0432390042DA92 /* ViewController.h */,
				26310FDB1C0432390042DA92 /* ViewController.m */,
				26310FDD1C0432390042DA92 /* Main.storyboard */,
				269A98511C04382C0014CAF2 /* addDoToViewViewController.h */,
				269A98521C04382C0014CAF2 /* addDoToViewViewController.m */,
				26310FE01C0432390042DA92 /* Assets.xcassets */,
				26310FE21C0432390042DA92 /* LaunchScreen.storyboard */,
				26310FE51C0432390042DA92 /* Info.plist */,
				26310FD41C0432390042DA92 /* Supporting Files */,
			);
			path = "push Notification Demo";
			sourceTree = "<group>";
		};
		26310FD41C0432390042DA92 /* Supporting Files */ = {
			isa = PBXGroup;
			children = (
				26310FD51C0432390042DA92 /* main.m */,
			);
			name = "Supporting Files";
			sourceTree = "<group>";
		};
		26310FED1C0432390042DA92 /* push Notification DemoTests */ = {
			isa = PBXGroup;
			children = (
				26310FEE1C0432390042DA92 /* push_Notification_DemoTests.m */,
				26310FF01C0432390042DA92 /* Info.plist */,
			);
			path = "push Notification DemoTests";
			sourceTree = "<group>";
		};
		26310FF81C0432390042DA92 /* push Notification DemoUITests */ = {
			isa = PBXGroup;
			children = (
				26310FF91C0432390042DA92 /* push_Notification_DemoUITests.m */,
				26310FFB1C0432390042DA92 /* Info.plist */,
			);
			path = "push Notification DemoUITests";
			sourceTree = "<group>";
		};
/* End PBXGroup section */

/* Begin PBXNativeTarget section */
		26310FD01C0432390042DA92 /* push Notification Demo */ = {
			isa = PBXNativeTarget;
			buildConfigurationList = 26310FFE1C0432390042DA92 /* Build configuration list for PBXNativeTarget "push Notification Demo" */;
			buildPhases = (
				26310FCD1C0432390042DA92 /* Sources */,
				26310FCE1C0432390042DA92 /* Frameworks */,
				26310FCF1C0432390042DA92 /* Resources */,
			);
			buildRules = (
			);
			dependencies = (
			);
			name = "push Notification Demo";
			productName = "push Notification Demo";
			productReference = 26310FD11C0432390042DA92 /* push Notification Demo.app */;
			productType = "com.apple.product-type.application";
		};
		26310FE91C0432390042DA92 /* push Notification DemoTests */ = {
			isa = PBXNativeTarget;
			buildConfigurationList = 263110011C0432390042DA92 /* Build configuration list for PBXNativeTarget "push Notification DemoTests" */;
			buildPhases = (
				26310FE61C0432390042DA92 /* Sources */,
				26310FE71C0432390042DA92 /* Frameworks */,
				26310FE81C0432390042DA92 /* Resources */,
			);
			buildRules = (
			);
			dependencies = (
				26310FEC1C0432390042DA92 /* PBXTargetDependency */,
			);
			name = "push Notification DemoTests";
			productName = "push Notification DemoTests";
			productReference = 26310FEA1C0432390042DA92 /* push Notification DemoTests.xctest */;
			productType = "com.apple.product-type.bundle.unit-test";
		};
		26310FF41C0432390042DA92 /* push Notification DemoUITests */ = {
			isa = PBXNativeTarget;
			buildConfigurationList = 263110041C0432390042DA92 /* Build configuration list for PBXNativeTarget "push Notification DemoUITests" */;
			buildPhases = (
				26310FF11C0432390042DA92 /* Sources */,
				26310FF21C0432390042DA92 /* Frameworks */,
				26310FF31C0432390042DA92 /* Resources */,
			);
			buildRules = (
			);
			dependencies = (
				26310FF71C0432390042DA92 /* PBXTargetDependency */,
			);
			name = "push Notification DemoUITests";
			productName = "push Notification DemoUITests";
			productReference = 26310FF51C0432390042DA92 /* push Notification DemoUITests.xctest */;
			productType = "com.apple.product-type.bundle.ui-testing";
		};
/* End PBXNativeTarget section */

/* Begin PBXProject section */
		26310FC91C0432390042DA92 /* Project object */ = {
			isa = PBXProject;
			attributes = {
				LastUpgradeCheck = 0700;
				ORGANIZATIONNAME = "Endive Software";
				TargetAttributes = {
					26310FD01C0432390042DA92 = {
						CreatedOnToolsVersion = 7.0.1;
					};
					26310FE91C0432390042DA92 = {
						CreatedOnToolsVersion = 7.0.1;
						TestTargetID = 26310FD01C0432390042DA92;
					};
					26310FF41C0432390042DA92 = {
						CreatedOnToolsVersion = 7.0.1;
						TestTargetID = 26310FD01C0432390042DA92;
					};
				};
			};
			buildConfigurationList = 26310FCC1C0432390042DA92 /* Build configuration list for PBXProject "push Notification Demo" */;
			compatibilityVersion = "Xcode 3.2";
			developmentRegion = English;
			hasScannedForEncodings = 0;
			knownRegions = (
				en,
				Base,
			);
			mainGroup = 26310FC81C0432390042DA92;
			productRefGroup = 26310FD21C0432390042DA92 /* Products */;
			projectDirPath = "";
			projectRoot = "";
			targets = (
				26310FD01C0432390042DA92 /* push Notification Demo */,
				26310FE91C0432390042DA92 /* push Notification DemoTests */,
				26310FF41C0432390042DA92 /* push Notification DemoUITests */,
			);
		};
/* End PBXProject section */

/* Begin PBXResourcesBuildPhase section */
		26310FCF1C0432390042DA92 /* Resources */ = {
			isa = PBXResourcesBuildPhase;
			buildActionMask = 2147483647;
			files = (
				26310FE41C0432390042DA92 /* LaunchScreen.storyboard in Resources */,
				26310FE11C0432390042DA92 /* Assets.xcassets in Resources */,
				26310FDF1C0432390042DA92 /* Main.storyboard in Resources */,
			);
			runOnlyForDeploymentPostprocessing = 0;
		};
		26310FE81C0432390042DA92 /* Resources */ = {
			isa = PBXResourcesBuildPhase;
			buildActionMask = 2147483647;
			files = (
			);
			runOnlyForDeploymentPostprocessing = 0;
		};
		26310FF31C0432390042DA92 /* Resources */ = {
			isa = PBXResourcesBuildPhase;
			buildActionMask = 2147483647;
			files = (
			);
			runOnlyForDeploymentPostprocessing = 0;
		};
/* End PBXResourcesBuildPhase section */

/* Begin PBXSourcesBuildPhase section */
		26310FCD1C0432390042DA92 /* Sources */ = {
			isa = PBXSourcesBuildPhase;
			buildActionMask = 2147483647;
			files = (
				26310FDC1C0432390042DA92 /* ViewController.m in Sources */,
				26310FD91C0432390042DA92 /* AppDelegate.m in Sources */,
				26310FD61C0432390042DA92 /* main.m in Sources */,
				269A98531C04382C0014CAF2 /* addDoToViewViewController.m in Sources */,
			);
			runOnlyForDeploymentPostprocessing = 0;
		};
		26310FE61C0432390042DA92 /* Sources */ = {
			isa = PBXSourcesBuildPhase;
			buildActionMask = 2147483647;
			files = (
				26310FEF1C0432390042DA92 /* push_Notification_DemoTests.m in Sources */,
			);
			runOnlyForDeploymentPostprocessing = 0;
		};
		26310FF11C0432390042DA92 /* Sources */ = {
			isa = PBXSourcesBuildPhase;
			buildActionMask = 2147483647;
			files = (
				26310FFA1C0432390042DA92 /* push_Notification_DemoUITests.m in Sources */,
			);
			runOnlyForDeploymentPostprocessing = 0;
		};
/* End PBXSourcesBuildPhase section */

/* Begin PBXTargetDependency section */
		26310FEC1C0432390042DA92 /* PBXTargetDependency */ = {
			isa = PBXTargetDependency;
			target = 26310FD01C0432390042DA92 /* push Notification Demo */;
			targetProxy = 26310FEB1C0432390042DA92 /* PBXContainerItemProxy */;
		};
		26310FF71C0432390042DA92 /* PBXTargetDependency */ = {
			isa = PBXTargetDependency;
			target = 26310FD01C0432390042DA92 /* push Notification Demo */;
			targetProxy = 26310FF61C0432390042DA92 /* PBXContainerItemProxy */;
		};
/* End PBXTargetDependency section */

/* Begin PBXVariantGroup section */
		26310FDD1C0432390042DA92 /* Main.storyboard */ = {
			isa = PBXVariantGroup;
			children = (
				26310FDE1C0432390042DA92 /* Base */,
			);
			name = Main.storyboard;
			sourceTree = "<group>";
		};
		26310FE21C0432390042DA92 /* LaunchScreen.storyboard */ = {
			isa = PBXVariantGroup;
			children = (
				26310FE31C0432390042DA92 /* Base */,
			);
			name = LaunchScreen.storyboard;
			sourceTree = "<group>";
		};
/* End PBXVariantGroup section */

/* Begin XCBuildConfiguration section */
		26310FFC1C0432390042DA92 /* Debug */ = {
			isa = XCBuildConfiguration;
			buildSettings = {
				ALWAYS_SEARCH_USER_PATHS = NO;
				CLANG_CXX_LANGUAGE_STANDARD = "gnu++0x";
				CLANG_CXX_LIBRARY = "libc++";
				CLANG_ENABLE_MODULES = YES;
				CLANG_ENABLE_OBJC_ARC = YES;
				CLANG_WARN_BOOL_CONVERSION = YES;
				CLANG_WARN_CONSTANT_CONVERSION = YES;
				CLANG_WARN_DIRECT_OBJC_ISA_USAGE = YES_ERROR;
				CLANG_WARN_EMPTY_BODY = YES;
				CLANG_WARN_ENUM_CONVERSION = YES;
				CLANG_WARN_INT_CONVERSION = YES;
				CLANG_WARN_OBJC_ROOT_CLASS = YES_ERROR;
				CLANG_WARN_UNREACHABLE_CODE = YES;
				CLANG_WARN__DUPLICATE_METHOD_MATCH = YES;
				"CODE_SIGN_IDENTITY[sdk=iphoneos*]" = "iPhone Developer";
				COPY_PHASE_STRIP = NO;
				DEBUG_INFORMATION_FORMAT = dwarf;
				ENABLE_STRICT_OBJC_MSGSEND = YES;
				ENABLE_TESTABILITY = YES;
				GCC_C_LANGUAGE_STANDARD = gnu99;
				GCC_DYNAMIC_NO_PIC = NO;
				GCC_NO_COMMON_BLOCKS = YES;
				GCC_OPTIMIZATION_LEVEL = 0;
				GCC_PREPROCESSOR_DEFINITIONS = (
					"DEBUG=1",
					"$(inherited)",
				);
				GCC_WARN_64_TO_32_BIT_CONVERSION = YES;
				GCC_WARN_ABOUT_RETURN_TYPE = YES_ERROR;
				GCC_WARN_UNDECLARED_SELECTOR = YES;
				GCC_WARN_UNINITIALIZED_AUTOS = YES_AGGRESSIVE;
				GCC_WARN_UNUSED_FUNCTION = YES;
				GCC_WARN_UNUSED_VARIABLE = YES;
				IPHONEOS_DEPLOYMENT_TARGET = 9.0;
				MTL_ENABLE_DEBUG_INFO = YES;
				ONLY_ACTIVE_ARCH = YES;
				SDKROOT = iphoneos;
				TARGETED_DEVICE_FAMILY = "1,2";
			};
			name = Debug;
		};
		26310FFD1C0432390042DA92 /* Release */ = {
			isa = XCBuildConfiguration;
			buildSettings = {
				ALWAYS_SEARCH_USER_PATHS = NO;
				CLANG_CXX_LANGUAGE_STANDARD = "gnu++0x";
				CLANG_CXX_LIBRARY = "libc++";
				CLANG_ENABLE_MODULES = YES;
				CLANG_ENABLE_OBJC_ARC = YES;
				CLANG_WARN_BOOL_CONVERSION = YES;
				CLANG_WARN_CONSTANT_CONVERSION = YES;
				CLANG_WARN_DIRECT_OBJC_ISA_USAGE = YES_ERROR;
				CLANG_WARN_EMPTY_BODY = YES;
				CLANG_WARN_ENUM_CONVERSION = YES;
				CLANG_WARN_INT_CONVERSION = YES;
				CLANG_WARN_OBJC_ROOT_CLASS = YES_ERROR;
				CLANG_WARN_UNREACHABLE_CODE = YES;
				CLANG_WARN__DUPLICATE_METHOD_MATCH = YES;
				"CODE_SIGN_IDENTITY[sdk=iphoneos*]" = "iPhone Developer";
				COPY_PHASE_STRIP = NO;
				DEBUG_INFORMATION_FORMAT = "dwarf-with-dsym";
				ENABLE_NS_ASSERTIONS = NO;
				ENABLE_STRICT_OBJC_MSGSEND = YES;
				GCC_C_LANGUAGE_STANDARD = gnu99;
				GCC_NO_COMMON_BLOCKS = YES;
				GCC_WARN_64_TO_32_BIT_CONVERSION = YES;
				GCC_WARN_ABOUT_RETURN_TYPE = YES_ERROR;
				GCC_WARN_UNDECLARED_SELECTOR = YES;
				GCC_WARN_UNINITIALIZED_AUTOS = YES_AGGRESSIVE;
				GCC_WARN_UNUSED_FUNCTION = YES;
				GCC_WARN_UNUSED_VARIABLE = YES;
				IPHONEOS_DEPLOYMENT_TARGET = 9.0;
				MTL_ENABLE_DEBUG_INFO = NO;
				SDKROOT = iphoneos;
				TARGETED_DEVICE_FAMILY = "1,2";
				VALIDATE_PRODUCT = YES;
			};
			name = Release;
		};
		26310FFF1C0432390042DA92 /* Debug */ = {
			isa = XCBuildConfiguration;
			buildSettings = {
				ASSETCATALOG_COMPILER_APPICON_NAME = AppIcon;
				INFOPLIST_FILE = "push Notification Demo/Info.plist";
				LD_RUNPATH_SEARCH_PATHS = "$(inherited) @executable_path/Frameworks";
				PRODUCT_BUNDLE_IDENTIFIER = "com.straightline.slweb.push-Notification-Demo";
				PRODUCT_NAME = "$(TARGET_NAME)";
			};
			name = Debug;
		};
		263110001C0432390042DA92 /* Release */ = {
			isa = XCBuildConfiguration;
			buildSettings = {
				ASSETCATALOG_COMPILER_APPICON_NAME = AppIcon;
				INFOPLIST_FILE = "push Notification Demo/Info.plist";
				LD_RUNPATH_SEARCH_PATHS = "$(inherited) @executable_path/Frameworks";
				PRODUCT_BUNDLE_IDENTIFIER = "com.straightline.slweb.push-Notification-Demo";
				PRODUCT_NAME = "$(TARGET_NAME)";
			};
			name = Release;
		};
		263110021C0432390042DA92 /* Debug */ = {
			isa = XCBuildConfiguration;
			buildSettings = {
				BUNDLE_LOADER = "$(TEST_HOST)";
				INFOPLIST_FILE = "push Notification DemoTests/Info.plist";
				LD_RUNPATH_SEARCH_PATHS = "$(inherited) @executable_path/Frameworks @loader_path/Frameworks";
				PRODUCT_BUNDLE_IDENTIFIER = "com.straightline.slweb.push-Notification-DemoTests";
				PRODUCT_NAME = "$(TARGET_NAME)";
				TEST_HOST = "$(BUILT_PRODUCTS_DIR)/push Notification Demo.app/push Notification Demo";
			};
			name = Debug;
		};
		263110031C0432390042DA92 /* Release */ = {
			isa = XCBuildConfiguration;
			buildSettings = {
				BUNDLE_LOADER = "$(TEST_HOST)";
				INFOPLIST_FILE = "push Notification DemoTests/Info.plist";
				LD_RUNPATH_SEARCH_PATHS = "$(inherited) @executable_path/Frameworks @loader_path/Frameworks";
				PRODUCT_BUNDLE_IDENTIFIER = "com.straightline.slweb.push-Notification-DemoTests";
				PRODUCT_NAME = "$(TARGET_NAME)";
				TEST_HOST = "$(BUILT_PRODUCTS_DIR)/push Notification Demo.app/push Notification Demo";
			};
			name = Release;
		};
		263110051C0432390042DA92 /* Debug */ = {
			isa = XCBuildConfiguration;
			buildSettings = {
				INFOPLIST_FILE = "push Notification DemoUITests/Info.plist";
				LD_RUNPATH_SEARCH_PATHS = "$(inherited) @executable_path/Frameworks @loader_path/Frameworks";
				PRODUCT_BUNDLE_IDENTIFIER = "com.straightline.slweb.push-Notification-DemoUITests";
				PRODUCT_NAME = "$(TARGET_NAME)";
				TEST_TARGET_NAME = "push Notification Demo";
				USES_XCTRUNNER = YES;
			};
			name = Debug;
		};
		263110061C0432390042DA92 /* Release */ = {
			isa = XCBuildConfiguration;
			buildSettings = {
				INFOPLIST_FILE = "push Notification DemoUITests/Info.plist";
				LD_RUNPATH_SEARCH_PATHS = "$(inherited) @executable_path/Frameworks @loader_path/Frameworks";
				PRODUCT_BUNDLE_IDENTIFIER = "com.straightline.slweb.push-Notification-DemoUITests";
				PRODUCT_NAME = "$(TARGET_NAME)";
				TEST_TARGET_NAME = "push Notification Demo";
				USES_XCTRUNNER = YES;
			};
			name = Release;
		};
/* End XCBuildConfiguration section */

/* Begin XCConfigurationList section */
		26310FCC1C0432390042DA92 /* Build configuration list for PBXProject "push Notification Demo" */ = {
			isa = XCConfigurationList;
			buildConfigurations = (
				26310FFC1C0432390042DA92 /* Debug */,
				26310FFD1C0432390042DA92 /* Release */,
			);
			defaultConfigurationIsVisible = 0;
			defaultConfigurationName = Release;
		};
		26310FFE1C0432390042DA92 /* Build configuration list for PBXNativeTarget "push Notification Demo" */ = {
			isa = XCConfigurationList;
			buildConfigurations = (
				26310FFF1C0432390042DA92 /* Debug */,
				263110001C0432390042DA92 /* Release */,
			);
			defaultConfigurationIsVisible = 0;
			defaultConfigurationName = Release;
		};
		263110011C0432390042DA92 /* Build configuration list for PBXNativeTarget "push Notification DemoTests" */ = {
			isa = XCConfigurationList;
			buildConfigurations = (
				263110021C0432390042DA92 /* Debug */,
				263110031C0432390042DA92 /* Release */,
			);
			defaultConfigurationIsVisible = 0;
			defaultConfigurationName = Release;
		};
		263110041C0432390042DA92 /* Build configuration list for PBXNativeTarget "push Notification DemoUITests" */ = {
			isa = XCConfigurationList;
			buildConfigurations = (
				263110051C0432390042DA92 /* Debug */,
				263110061C0432390042DA92 /* Release */,
			);
			defaultConfigurationIsVisible = 0;
			defaultConfigurationName = Release;
		};
/* End XCConfigurationList section */
	};
	rootObject = 26310FC91C0432390042DA92 /* Project object */;
}
